
Microsoft Visual Studio Solution File, Format Version 12.00
# Visual Studio Version 17
VisualStudioVersion = 17.10.34916.146
MinimumVisualStudioVersion = 10.0.40219.1
Project("{FAE04EC0-301F-11D3-BF4B-00C04F79EFBC}") = "Drive2", "Drive2\Drive2.csproj", "{8878E765-0D8C-4A7B-A31B-BB39B501393B}"
EndProject
Global
	GlobalSection(SolutionConfigurationPlatforms) = preSolution
		Debug|Any CPU = Debug|Any CPU
		Release|Any CPU = Release|Any CPU
	EndGlobalSection
	GlobalSection(ProjectConfigurationPlatforms) = postSolution
		{8878E765-0D8C-4A7B-A31B-BB39B501393B}.Debug|Any CPU.ActiveCfg = Debug|Any CPU
		{8878E765-0D8C-4A7B-A31B-BB39B501393B}.Debug|Any CPU.Build.0 = Debug|Any CPU
		{8878E765-0D8C-4A7B-A31B-BB39B501393B}.Release|Any CPU.ActiveCfg = Release|Any CPU
		{8878E765-0D8C-4A7B-A31B-BB39B501393B}.Release|Any CPU.Build.0 = Release|Any CPU
	EndGlobalSection
	GlobalSection(SolutionProperties) = preSolution
		HideSolutionNode = FALSE
	EndGlobalSection
	GlobalSection(ExtensibilityGlobals) = postSolution
		SolutionGuid = {3C1B1217-27E9-4E60-9F10-DE19729CC20C}
	EndGlobalSection
EndGlobal
